// !$*UTF8*$!
{
	archiveVersion = 1;
	classes = {
	};
	objectVersion = 48;
	objects = {

/* Begin PBXBuildFile section */
		5C25B2EE672C8AAB6205BFCC /* SOIL2.c in Sources */ = {isa = PBXBuildFile; fileRef = 5C25B125CBBF220EFF9A90AD /* SOIL2.c */; };
		5C25B5A2422F976EB6F869F5 /* etc1_utils.c in Sources */ = {isa = PBXBuildFile; fileRef = 5C25BEDB73DA10AD71D4298A /* etc1_utils.c */; };
		5C25BB13CADE3A9BA7240D3A /* image_helper.c in Sources */ = {isa = PBXBuildFile; fileRef = 5C25B2270BD2AE061D158F8F /* image_helper.c */; };
		5C25BC5DBEDE43D0082134AC /* image_DXT.c in Sources */ = {isa = PBXBuildFile; fileRef = 5C25BAF6BBC34D01B2E6CBE3 /* image_DXT.c */; };
		9C49264B2098135B0071A076 /* glad.c in Sources */ = {isa = PBXBuildFile; fileRef = 9C4926492098135B0071A076 /* glad.c */; };
		9CA09C362096B56F0070600D /* main.cpp in Sources */ = {isa = PBXBuildFile; fileRef = 9CA09C352096B56F0070600D /* main.cpp */; };
		9CA09C3E2096B59F0070600D /* OpenGL.framework in Frameworks */ = {isa = PBXBuildFile; fileRef = 9CA09C3D2096B59F0070600D /* OpenGL.framework */; };
		9CA09C402096B6740070600D /* libGLEW.2.1.0.dylib in Frameworks */ = {isa = PBXBuildFile; fileRef = 9CA09C3F2096B6740070600D /* libGLEW.2.1.0.dylib */; };
		9CA09C422096B6DB0070600D /* libglfw.3.3.dylib in Frameworks */ = {isa = PBXBuildFile; fileRef = 9CA09C412096B6DB0070600D /* libglfw.3.3.dylib */; };
/* End PBXBuildFile section */

/* Begin PBXCopyFilesBuildPhase section */
		9CA09C302096B56F0070600D /* CopyFiles */ = {
			isa = PBXCopyFilesBuildPhase;
			buildActionMask = 2147483647;
			dstPath = /usr/share/man/man1/;
			dstSubfolderSpec = 0;
			files = (
			);
			runOnlyForDeploymentPostprocessing = 1;
		};
/* End PBXCopyFilesBuildPhase section */

/* Begin PBXFileReference section */
		5C25B0284594925C2891C7B9 /* stbi_ext.h */ = {isa = PBXFileReference; fileEncoding = 4; lastKnownFileType = sourcecode.c.h; path = stbi_ext.h; sourceTree = "<group>"; };
		5C25B07BFA96C6A73E3C326F /* fragmentShader.frag */ = {isa = PBXFileReference; fileEncoding = 4; lastKnownFileType = sourcecode.glsl; path = fragmentShader.frag; sourceTree = "<group>"; };
		5C25B09586E1AF96F4D75C33 /* texture_source.h */ = {isa = PBXFileReference; fileEncoding = 4; lastKnownFileType = sourcecode.c.h; path = texture_source.h; sourceTree = "<group>"; };
		5C25B103F8AE60BA73D3A1F7 /* pkm_helper.h */ = {isa = PBXFileReference; fileEncoding = 4; lastKnownFileType = sourcecode.c.h; path = pkm_helper.h; sourceTree = "<group>"; };
		5C25B125CBBF220EFF9A90AD /* SOIL2.c */ = {isa = PBXFileReference; fileEncoding = 4; lastKnownFileType = sourcecode.c.c; path = SOIL2.c; sourceTree = "<group>"; };
		5C25B12C1E2E7BAE11DA3D34 /* lighting_color_view_space.vs */ = {isa = PBXFileReference; fileEncoding = 4; lastKnownFileType = sourcecode.glsl; path = lighting_color_view_space.vs; sourceTree = "<group>"; };
		5C25B1408ED12FF4623E5786 /* lighting_color_gouraud.vs */ = {isa = PBXFileReference; fileEncoding = 4; lastKnownFileType = sourcecode.glsl; path = lighting_color_gouraud.vs; sourceTree = "<group>"; };
		5C25B1ADFB8A6C2E38EE7A3D /* lighting_color_gouraud.h */ = {isa = PBXFileReference; fileEncoding = 4; lastKnownFileType = sourcecode.c.h; path = lighting_color_gouraud.h; sourceTree = "<group>"; };
		5C25B1D343F739860A85363C /* lighting_lamp.frag */ = {isa = PBXFileReference; fileEncoding = 4; lastKnownFileType = sourcecode.glsl; path = lighting_lamp.frag; sourceTree = "<group>"; };
		5C25B2270BD2AE061D158F8F /* image_helper.c */ = {isa = PBXFileReference; fileEncoding = 4; lastKnownFileType = sourcecode.c.c; path = image_helper.c; sourceTree = "<group>"; };
		5C25B255DBCC8D254284F9F8 /* transform.vs */ = {isa = PBXFileReference; fileEncoding = 4; lastKnownFileType = sourcecode.glsl; path = transform.vs; sourceTree = "<group>"; };
		5C25B356492411FFE45C0B44 /* image_helper.h */ = {isa = PBXFileReference; fileEncoding = 4; lastKnownFileType = sourcecode.c.h; path = image_helper.h; sourceTree = "<group>"; };
		5C25B4081F3F7348423D6836 /* stbi_DDS_c.h */ = {isa = PBXFileReference; fileEncoding = 4; lastKnownFileType = sourcecode.c.h; path = stbi_DDS_c.h; sourceTree = "<group>"; };
		5C25B40B7A9D0F50F2640A7D /* texture_source_alpha.h */ = {isa = PBXFileReference; fileEncoding = 4; lastKnownFileType = sourcecode.c.h; path = texture_source_alpha.h; sourceTree = "<group>"; };
		5C25B4874E63475705EEF97F /* jo_jpeg.h */ = {isa = PBXFileReference; fileEncoding = 4; lastKnownFileType = sourcecode.c.h; path = jo_jpeg.h; sourceTree = "<group>"; };
		5C25B502EF7B3EA9A9D64647 /* stb_image_write.h */ = {isa = PBXFileReference; fileEncoding = 4; lastKnownFileType = sourcecode.c.h; path = stb_image_write.h; sourceTree = "<group>"; };
		5C25B57B775B0DA6CB3474D7 /* stbi_pvr.h */ = {isa = PBXFileReference; fileEncoding = 4; lastKnownFileType = sourcecode.c.h; path = stbi_pvr.h; sourceTree = "<group>"; };
		5C25B5C2414704183471B334 /* lighting_color_view_space.h */ = {isa = PBXFileReference; fileEncoding = 4; lastKnownFileType = sourcecode.c.h; path = lighting_color_view_space.h; sourceTree = "<group>"; };
		5C25B5C335858FC94E8A3F97 /* SOIL2.h */ = {isa = PBXFileReference; fileEncoding = 4; lastKnownFileType = sourcecode.c.h; path = SOIL2.h; sourceTree = "<group>"; };
		5C25B605C40C63AF0EF38223 /* fragmentShaderZoom.frag */ = {isa = PBXFileReference; fileEncoding = 4; lastKnownFileType = sourcecode.glsl; path = fragmentShaderZoom.frag; sourceTree = "<group>"; };
		5C25B6132AB70F80FA30CF95 /* coordinate.h */ = {isa = PBXFileReference; fileEncoding = 4; lastKnownFileType = sourcecode.c.h; path = coordinate.h; sourceTree = "<group>"; };
		5C25B66366721CE4470BC04E /* lighting_color_view_space.frag */ = {isa = PBXFileReference; fileEncoding = 4; lastKnownFileType = sourcecode.glsl; path = lighting_color_view_space.frag; sourceTree = "<group>"; };
		5C25B6F3AED90677ADE9551C /* image_DXT.h */ = {isa = PBXFileReference; fileEncoding = 4; lastKnownFileType = sourcecode.c.h; path = image_DXT.h; sourceTree = "<group>"; };
		5C25B71657FE0ED6729A2768 /* fragmentShaderX.frag */ = {isa = PBXFileReference; fileEncoding = 4; lastKnownFileType = sourcecode.glsl; path = fragmentShaderX.frag; sourceTree = "<group>"; };
		5C25B71C96FB820F3C3C1B9B /* coordinate_source.vs */ = {isa = PBXFileReference; fileEncoding = 4; lastKnownFileType = sourcecode.glsl; path = coordinate_source.vs; sourceTree = "<group>"; };
		5C25B7A01438B8A9ECA94929 /* camera.h */ = {isa = PBXFileReference; fileEncoding = 4; lastKnownFileType = sourcecode.c.h; path = camera.h; sourceTree = "<group>"; };
		5C25B7E52268156C78027170 /* camera_source.vs */ = {isa = PBXFileReference; fileEncoding = 4; lastKnownFileType = sourcecode.glsl; path = camera_source.vs; sourceTree = "<group>"; };
		5C25B8092BD509E2CF23FF29 /* stbi_DDS.h */ = {isa = PBXFileReference; fileEncoding = 4; lastKnownFileType = sourcecode.c.h; path = stbi_DDS.h; sourceTree = "<group>"; };
		5C25B8377B071D497EE66ACE /* coordinate.frag */ = {isa = PBXFileReference; fileEncoding = 4; lastKnownFileType = sourcecode.glsl; path = coordinate.frag; sourceTree = "<group>"; };
		5C25B86ACB284EA5918022CC /* camera_source_cursor.h */ = {isa = PBXFileReference; fileEncoding = 4; lastKnownFileType = sourcecode.c.h; path = camera_source_cursor.h; sourceTree = "<group>"; };
		5C25B86F6EE41B24A8C34B04 /* transform.frag */ = {isa = PBXFileReference; fileEncoding = 4; lastKnownFileType = sourcecode.glsl; path = transform.frag; sourceTree = "<group>"; };
		5C25B8A488B68916D5384223 /* coordinate.vs */ = {isa = PBXFileReference; fileEncoding = 4; lastKnownFileType = sourcecode.glsl; path = coordinate.vs; sourceTree = "<group>"; };
		5C25B914AF4A620D73C3E776 /* texture_source_change.h */ = {isa = PBXFileReference; fileEncoding = 4; lastKnownFileType = sourcecode.c.h; path = texture_source_change.h; sourceTree = "<group>"; };
		5C25B9675B25A200CD615BA8 /* gl_camera.h */ = {isa = PBXFileReference; fileEncoding = 4; lastKnownFileType = sourcecode.c.h; path = gl_camera.h; sourceTree = "<group>"; };
		5C25B9D966661ED109DAD40B /* stbi_pkm_c.h */ = {isa = PBXFileReference; fileEncoding = 4; lastKnownFileType = sourcecode.c.h; path = stbi_pkm_c.h; sourceTree = "<group>"; };
		5C25BA258553F08826431EE5 /* stbi_pvr_c.h */ = {isa = PBXFileReference; fileEncoding = 4; lastKnownFileType = sourcecode.c.h; path = stbi_pvr_c.h; sourceTree = "<group>"; };
		5C25BA55678D6A2E59E6746B /* vertexShaderX.vs */ = {isa = PBXFileReference; fileEncoding = 4; lastKnownFileType = sourcecode.glsl; path = vertexShaderX.vs; sourceTree = "<group>"; };
		5C25BA8DF08D39C3704D1FD7 /* camera_source.h */ = {isa = PBXFileReference; fileEncoding = 4; lastKnownFileType = sourcecode.c.h; path = camera_source.h; sourceTree = "<group>"; };
		5C25BABBF15317AA33308122 /* lighting_lamp.vs */ = {isa = PBXFileReference; fileEncoding = 4; lastKnownFileType = sourcecode.glsl; path = lighting_lamp.vs; sourceTree = "<group>"; };
		5C25BABD425E18499BFFFA51 /* pvr_helper.h */ = {isa = PBXFileReference; fileEncoding = 4; lastKnownFileType = sourcecode.c.h; path = pvr_helper.h; sourceTree = "<group>"; };
		5C25BAD6F204248A4BBF8518 /* stbi_ext_c.h */ = {isa = PBXFileReference; fileEncoding = 4; lastKnownFileType = sourcecode.c.h; path = stbi_ext_c.h; sourceTree = "<group>"; };
		5C25BAF6BBC34D01B2E6CBE3 /* image_DXT.c */ = {isa = PBXFileReference; fileEncoding = 4; lastKnownFileType = sourcecode.c.c; path = image_DXT.c; sourceTree = "<group>"; };
		5C25BB0175016248CC73D590 /* vertexShader.vs */ = {isa = PBXFileReference; fileEncoding = 4; lastKnownFileType = sourcecode.glsl; path = vertexShader.vs; sourceTree = "<group>"; };
		5C25BB1B4FA33D209F36B331 /* lighting_color.frag */ = {isa = PBXFileReference; fileEncoding = 4; lastKnownFileType = sourcecode.glsl; path = lighting_color.frag; sourceTree = "<group>"; };
		5C25BB424B559F0D210EA054 /* lighting_color_word_space.h */ = {isa = PBXFileReference; fileEncoding = 4; lastKnownFileType = sourcecode.c.h; path = lighting_color_word_space.h; sourceTree = "<group>"; };
		5C25BB5A1F82339DCD80A256 /* texture.h */ = {isa = PBXFileReference; fileEncoding = 4; lastKnownFileType = sourcecode.c.h; path = texture.h; sourceTree = "<group>"; };
		5C25BB8DC5ED543CD4FD4797 /* coordinate_source_3d.h */ = {isa = PBXFileReference; fileEncoding = 4; lastKnownFileType = sourcecode.c.h; path = coordinate_source_3d.h; sourceTree = "<group>"; };
		5C25BBAD5A1048B680EDF3B2 /* stb_image.h */ = {isa = PBXFileReference; fileEncoding = 4; lastKnownFileType = sourcecode.c.h; path = stb_image.h; sourceTree = "<group>"; };
		5C25BCE7CB6FF3A8E180E1F2 /* gl_transform_source.h */ = {isa = PBXFileReference; fileEncoding = 4; lastKnownFileType = sourcecode.c.h; path = gl_transform_source.h; sourceTree = "<group>"; };
		5C25BD3A5CC58BB1164616D9 /* coordinate_source.frag */ = {isa = PBXFileReference; fileEncoding = 4; lastKnownFileType = sourcecode.glsl; path = coordinate_source.frag; sourceTree = "<group>"; };
		5C25BD5CA633BC1E44FEEB46 /* stbi_pkm.h */ = {isa = PBXFileReference; fileEncoding = 4; lastKnownFileType = sourcecode.c.h; path = stbi_pkm.h; sourceTree = "<group>"; };
		5C25BD5D0AF6984096E9B91F /* lighting_color_gouraud.frag */ = {isa = PBXFileReference; fileEncoding = 4; lastKnownFileType = sourcecode.glsl; path = lighting_color_gouraud.frag; sourceTree = "<group>"; };
		5C25BDA97D03D9473D3369B9 /* lighting_color.vs */ = {isa = PBXFileReference; fileEncoding = 4; lastKnownFileType = sourcecode.glsl; path = lighting_color.vs; sourceTree = "<group>"; };
		5C25BDFF62A9EF65B2F9F6CF /* etc1_utils.h */ = {isa = PBXFileReference; fileEncoding = 4; lastKnownFileType = sourcecode.c.h; path = etc1_utils.h; sourceTree = "<group>"; };
		5C25BE1E8226305067CD3858 /* camera_source.frag */ = {isa = PBXFileReference; fileEncoding = 4; lastKnownFileType = sourcecode.glsl; path = camera_source.frag; sourceTree = "<group>"; };
		5C25BE335AB0C8C0FCE3E15A /* coordinate_source.h */ = {isa = PBXFileReference; fileEncoding = 4; lastKnownFileType = sourcecode.c.h; path = coordinate_source.h; sourceTree = "<group>"; };
		5C25BE6C271A3A570EE27A30 /* camera_source_cursor_scroll.h */ = {isa = PBXFileReference; fileEncoding = 4; lastKnownFileType = sourcecode.c.h; path = camera_source_cursor_scroll.h; sourceTree = "<group>"; };
		5C25BEDB73DA10AD71D4298A /* etc1_utils.c */ = {isa = PBXFileReference; fileEncoding = 4; lastKnownFileType = sourcecode.c.c; path = etc1_utils.c; sourceTree = "<group>"; };
		5C25BF1AA0AF2CE38B8220CD /* shader.h */ = {isa = PBXFileReference; fileEncoding = 4; lastKnownFileType = sourcecode.c.h; path = shader.h; sourceTree = "<group>"; };
		5C25BF6FE50EF39647101B2E /* gl_matrix_transform.h */ = {isa = PBXFileReference; fileEncoding = 4; lastKnownFileType = sourcecode.c.h; path = gl_matrix_transform.h; sourceTree = "<group>"; };
		5C25BFF564E002F30A6AF04F /* identity_matrix.h */ = {isa = PBXFileReference; fileEncoding = 4; lastKnownFileType = sourcecode.c.h; path = identity_matrix.h; sourceTree = "<group>"; };
		9C4926482097FDE40071A076 /* hello_triangle.h */ = {isa = PBXFileReference; lastKnownFileType = sourcecode.c.h; path = hello_triangle.h; sourceTree = "<group>"; };
		9C4926492098135B0071A076 /* glad.c */ = {isa = PBXFileReference; lastKnownFileType = sourcecode.c.c; path = glad.c; sourceTree = "<group>"; };
		9C492667209B2E070071A076 /* res */ = {isa = PBXFileReference; lastKnownFileType = folder; path = res; sourceTree = "<group>"; };
		9CA09C322096B56F0070600D /* BaseOpenGL */ = {isa = PBXFileReference; explicitFileType = "compiled.mach-o.executable"; includeInIndex = 0; path = BaseOpenGL; sourceTree = BUILT_PRODUCTS_DIR; };
		9CA09C352096B56F0070600D /* main.cpp */ = {isa = PBXFileReference; lastKnownFileType = sourcecode.cpp.cpp; path = main.cpp; sourceTree = "<group>"; };
		9CA09C3D2096B59F0070600D /* OpenGL.framework */ = {isa = PBXFileReference; lastKnownFileType = wrapper.framework; name = OpenGL.framework; path = System/Library/Frameworks/OpenGL.framework; sourceTree = SDKROOT; };
		9CA09C3F2096B6740070600D /* libGLEW.2.1.0.dylib */ = {isa = PBXFileReference; lastKnownFileType = "compiled.mach-o.dylib"; name = libGLEW.2.1.0.dylib; path = ../../../../usr/local/lib/libGLEW.2.1.0.dylib; sourceTree = "<group>"; };
		9CA09C412096B6DB0070600D /* libglfw.3.3.dylib */ = {isa = PBXFileReference; lastKnownFileType = "compiled.mach-o.dylib"; name = libglfw.3.3.dylib; path = ../../../../usr/local/lib/libglfw.3.3.dylib; sourceTree = "<group>"; };
/* End PBXFileReference section */

/* Begin PBXFrameworksBuildPhase section */
		9CA09C2F2096B56F0070600D /* Frameworks */ = {
			isa = PBXFrameworksBuildPhase;
			buildActionMask = 2147483647;
			files = (
				9CA09C422096B6DB0070600D /* libglfw.3.3.dylib in Frameworks */,
				9CA09C402096B6740070600D /* libGLEW.2.1.0.dylib in Frameworks */,
				9CA09C3E2096B59F0070600D /* OpenGL.framework in Frameworks */,
			);
			runOnlyForDeploymentPostprocessing = 0;
		};
/* End PBXFrameworksBuildPhase section */

/* Begin PBXGroup section */
		5C25B1DA0E070C9ABF7451EC /* lighting */ = {
			isa = PBXGroup;
			children = (
				5C25BB424B559F0D210EA054 /* lighting_color_word_space.h */,
				5C25BDA97D03D9473D3369B9 /* lighting_color.vs */,
				5C25BB1B4FA33D209F36B331 /* lighting_color.frag */,
				5C25BABBF15317AA33308122 /* lighting_lamp.vs */,
				5C25B1D343F739860A85363C /* lighting_lamp.frag */,
				5C25B12C1E2E7BAE11DA3D34 /* lighting_color_view_space.vs */,
				5C25B66366721CE4470BC04E /* lighting_color_view_space.frag */,
				5C25B5C2414704183471B334 /* lighting_color_view_space.h */,
				5C25B1408ED12FF4623E5786 /* lighting_color_gouraud.vs */,
				5C25BD5D0AF6984096E9B91F /* lighting_color_gouraud.frag */,
				5C25B1ADFB8A6C2E38EE7A3D /* lighting_color_gouraud.h */,
			);
			path = lighting;
			sourceTree = "<group>";
		};
		5C25B36F5F942B82CC550C35 /* coordinate */ = {
			isa = PBXGroup;
			children = (
				5C25B6132AB70F80FA30CF95 /* coordinate.h */,
				5C25B8A488B68916D5384223 /* coordinate.vs */,
				5C25B8377B071D497EE66ACE /* coordinate.frag */,
				5C25BE335AB0C8C0FCE3E15A /* coordinate_source.h */,
				5C25BD3A5CC58BB1164616D9 /* coordinate_source.frag */,
				5C25B71C96FB820F3C3C1B9B /* coordinate_source.vs */,
				5C25BB8DC5ED543CD4FD4797 /* coordinate_source_3d.h */,
			);
			path = coordinate;
			sourceTree = "<group>";
		};
		5C25B84447A21D7BDEE1DBFA /* transform */ = {
			isa = PBXGroup;
			children = (
				5C25BF6FE50EF39647101B2E /* gl_matrix_transform.h */,
				5C25BCE7CB6FF3A8E180E1F2 /* gl_transform_source.h */,
				5C25B255DBCC8D254284F9F8 /* transform.vs */,
				5C25B86F6EE41B24A8C34B04 /* transform.frag */,
			);
			path = transform;
			sourceTree = "<group>";
		};
		5C25BA1EDB4FFCEF596CC85C /* common */ = {
			isa = PBXGroup;
			children = (
				5C25BF1AA0AF2CE38B8220CD /* shader.h */,
				5C25BFF564E002F30A6AF04F /* identity_matrix.h */,
				5C25B7A01438B8A9ECA94929 /* camera.h */,
			);
			path = common;
			sourceTree = "<group>";
		};
		5C25BB85D8946DDF2D7751B6 /* texture */ = {
			isa = PBXGroup;
			children = (
				5C25BB5A1F82339DCD80A256 /* texture.h */,
				5C25BB0175016248CC73D590 /* vertexShader.vs */,
				5C25B07BFA96C6A73E3C326F /* fragmentShader.frag */,
				5C25B09586E1AF96F4D75C33 /* texture_source.h */,
				5C25B71657FE0ED6729A2768 /* fragmentShaderX.frag */,
				5C25BA55678D6A2E59E6746B /* vertexShaderX.vs */,
				5C25B914AF4A620D73C3E776 /* texture_source_change.h */,
				5C25B40B7A9D0F50F2640A7D /* texture_source_alpha.h */,
				5C25B605C40C63AF0EF38223 /* fragmentShaderZoom.frag */,
			);
			path = texture;
			sourceTree = "<group>";
		};
		5C25BD5B4CC878A665695FAD /* SOIL2 */ = {
			isa = PBXGroup;
			children = (
				5C25BEDB73DA10AD71D4298A /* etc1_utils.c */,
				5C25BDFF62A9EF65B2F9F6CF /* etc1_utils.h */,
				5C25BAF6BBC34D01B2E6CBE3 /* image_DXT.c */,
				5C25B6F3AED90677ADE9551C /* image_DXT.h */,
				5C25B2270BD2AE061D158F8F /* image_helper.c */,
				5C25B356492411FFE45C0B44 /* image_helper.h */,
				5C25B4874E63475705EEF97F /* jo_jpeg.h */,
				5C25B103F8AE60BA73D3A1F7 /* pkm_helper.h */,
				5C25BABD425E18499BFFFA51 /* pvr_helper.h */,
				5C25B125CBBF220EFF9A90AD /* SOIL2.c */,
				5C25B5C335858FC94E8A3F97 /* SOIL2.h */,
				5C25B502EF7B3EA9A9D64647 /* stb_image_write.h */,
				5C25BBAD5A1048B680EDF3B2 /* stb_image.h */,
				5C25B4081F3F7348423D6836 /* stbi_DDS_c.h */,
				5C25B8092BD509E2CF23FF29 /* stbi_DDS.h */,
				5C25BAD6F204248A4BBF8518 /* stbi_ext_c.h */,
				5C25B0284594925C2891C7B9 /* stbi_ext.h */,
				5C25B9D966661ED109DAD40B /* stbi_pkm_c.h */,
				5C25BD5CA633BC1E44FEEB46 /* stbi_pkm.h */,
				5C25BA258553F08826431EE5 /* stbi_pvr_c.h */,
				5C25B57B775B0DA6CB3474D7 /* stbi_pvr.h */,
			);
			path = SOIL2;
			sourceTree = "<group>";
		};
		5C25BDC6A41701895C15B9C6 /* camera */ = {
			isa = PBXGroup;
			children = (
				5C25B9675B25A200CD615BA8 /* gl_camera.h */,
				5C25BA8DF08D39C3704D1FD7 /* camera_source.h */,
				5C25B7E52268156C78027170 /* camera_source.vs */,
				5C25BE1E8226305067CD3858 /* camera_source.frag */,
				5C25B86ACB284EA5918022CC /* camera_source_cursor.h */,
				5C25BE6C271A3A570EE27A30 /* camera_source_cursor_scroll.h */,
			);
			path = camera;
			sourceTree = "<group>";
		};
		9CA09C292096B56F0070600D = {
			isa = PBXGroup;
			children = (
				9CA09C342096B56F0070600D /* BaseOpenGL */,
				9CA09C332096B56F0070600D /* Products */,
				9CA09C3C2096B59F0070600D /* Frameworks */,
			);
			sourceTree = "<group>";
		};
		9CA09C332096B56F0070600D /* Products */ = {
			isa = PBXGroup;
			children = (
				9CA09C322096B56F0070600D /* BaseOpenGL */,
			);
			name = Products;
			sourceTree = "<group>";
		};
		9CA09C342096B56F0070600D /* BaseOpenGL */ = {
			isa = PBXGroup;
			children = (
				9C492667209B2E070071A076 /* res */,
				9CA09C352096B56F0070600D /* main.cpp */,
				9C4926482097FDE40071A076 /* hello_triangle.h */,
				9C4926492098135B0071A076 /* glad.c */,
				5C25BD5B4CC878A665695FAD /* SOIL2 */,
				5C25BB85D8946DDF2D7751B6 /* texture */,
				5C25BA1EDB4FFCEF596CC85C /* common */,
				5C25B84447A21D7BDEE1DBFA /* transform */,
				5C25B36F5F942B82CC550C35 /* coordinate */,
				5C25BDC6A41701895C15B9C6 /* camera */,
				5C25B1DA0E070C9ABF7451EC /* lighting */,
			);
			path = BaseOpenGL;
			sourceTree = "<group>";
		};
		9CA09C3C2096B59F0070600D /* Frameworks */ = {
			isa = PBXGroup;
			children = (
				9CA09C412096B6DB0070600D /* libglfw.3.3.dylib */,
				9CA09C3F2096B6740070600D /* libGLEW.2.1.0.dylib */,
				9CA09C3D2096B59F0070600D /* OpenGL.framework */,
			);
			name = Frameworks;
			sourceTree = "<group>";
		};
/* End PBXGroup section */

/* Begin PBXNativeTarget section */
		9CA09C312096B56F0070600D /* BaseOpenGL */ = {
			isa = PBXNativeTarget;
			buildConfigurationList = 9CA09C392096B56F0070600D /* Build configuration list for PBXNativeTarget "BaseOpenGL" */;
			buildPhases = (
				9CA09C2E2096B56F0070600D /* Sources */,
				9CA09C2F2096B56F0070600D /* Frameworks */,
				9CA09C302096B56F0070600D /* CopyFiles */,
			);
			buildRules = (
			);
			dependencies = (
			);
			name = BaseOpenGL;
			productName = BaseOpenGL;
			productReference = 9CA09C322096B56F0070600D /* BaseOpenGL */;
			productType = "com.apple.product-type.tool";
		};
/* End PBXNativeTarget section */

/* Begin PBXProject section */
		9CA09C2A2096B56F0070600D /* Project object */ = {
			isa = PBXProject;
			attributes = {
				CLASSPREFIX = "";
				LastUpgradeCheck = 0920;
				ORGANIZATIONNAME = emery;
				TargetAttributes = {
					9CA09C312096B56F0070600D = {
						CreatedOnToolsVersion = 9.2;
						ProvisioningStyle = Automatic;
					};
				};
			};
			buildConfigurationList = 9CA09C2D2096B56F0070600D /* Build configuration list for PBXProject "BaseOpenGL" */;
			compatibilityVersion = "Xcode 8.0";
			developmentRegion = en;
			hasScannedForEncodings = 0;
			knownRegions = (
				en,
			);
			mainGroup = 9CA09C292096B56F0070600D;
			productRefGroup = 9CA09C332096B56F0070600D /* Products */;
			projectDirPath = "";
			projectRoot = "";
			targets = (
				9CA09C312096B56F0070600D /* BaseOpenGL */,
			);
		};
/* End PBXProject section */

/* Begin PBXSourcesBuildPhase section */
		9CA09C2E2096B56F0070600D /* Sources */ = {
			isa = PBXSourcesBuildPhase;
			buildActionMask = 2147483647;
			files = (
				9CA09C362096B56F0070600D /* main.cpp in Sources */,
				9C49264B2098135B0071A076 /* glad.c in Sources */,
				5C25B5A2422F976EB6F869F5 /* etc1_utils.c in Sources */,
				5C25BC5DBEDE43D0082134AC /* image_DXT.c in Sources */,
				5C25BB13CADE3A9BA7240D3A /* image_helper.c in Sources */,
				5C25B2EE672C8AAB6205BFCC /* SOIL2.c in Sources */,
			);
			runOnlyForDeploymentPostprocessing = 0;
		};
/* End PBXSourcesBuildPhase section */

/* Begin XCBuildConfiguration section */
		9CA09C372096B56F0070600D /* Debug */ = {
			isa = XCBuildConfiguration;
			buildSettings = {
				ALWAYS_SEARCH_USER_PATHS = NO;
				CLANG_ANALYZER_NONNULL = YES;
				CLANG_ANALYZER_NUMBER_OBJECT_CONVERSION = YES_AGGRESSIVE;
				CLANG_CXX_LANGUAGE_STANDARD = "gnu++14";
				CLANG_CXX_LIBRARY = "libc++";
				CLANG_ENABLE_MODULES = YES;
				CLANG_ENABLE_OBJC_ARC = YES;
				CLANG_WARN_BLOCK_CAPTURE_AUTORELEASING = YES;
				CLANG_WARN_BOOL_CONVERSION = YES;
				CLANG_WARN_COMMA = YES;
				CLANG_WARN_CONSTANT_CONVERSION = YES;
				CLANG_WARN_DIRECT_OBJC_ISA_USAGE = YES_ERROR;
				CLANG_WARN_DOCUMENTATION_COMMENTS = YES;
				CLANG_WARN_EMPTY_BODY = YES;
				CLANG_WARN_ENUM_CONVERSION = YES;
				CLANG_WARN_INFINITE_RECURSION = YES;
				CLANG_WARN_INT_CONVERSION = YES;
				CLANG_WARN_NON_LITERAL_NULL_CONVERSION = YES;
				CLANG_WARN_OBJC_LITERAL_CONVERSION = YES;
				CLANG_WARN_OBJC_ROOT_CLASS = YES_ERROR;
				CLANG_WARN_RANGE_LOOP_ANALYSIS = YES;
				CLANG_WARN_STRICT_PROTOTYPES = YES;
				CLANG_WARN_SUSPICIOUS_MOVE = YES;
				CLANG_WARN_UNGUARDED_AVAILABILITY = YES_AGGRESSIVE;
				CLANG_WARN_UNREACHABLE_CODE = YES;
				CLANG_WARN__DUPLICATE_METHOD_MATCH = YES;
				CODE_SIGN_IDENTITY = "-";
				COPY_PHASE_STRIP = NO;
				DEBUG_INFORMATION_FORMAT = dwarf;
				ENABLE_STRICT_OBJC_MSGSEND = YES;
				ENABLE_TESTABILITY = YES;
				GCC_C_LANGUAGE_STANDARD = gnu11;
				GCC_DYNAMIC_NO_PIC = NO;
				GCC_NO_COMMON_BLOCKS = YES;
				GCC_OPTIMIZATION_LEVEL = 0;
				GCC_PREPROCESSOR_DEFINITIONS = (
					"DEBUG=1",
					"$(inherited)",
				);
				GCC_WARN_64_TO_32_BIT_CONVERSION = YES;
				GCC_WARN_ABOUT_RETURN_TYPE = YES_ERROR;
				GCC_WARN_UNDECLARED_SELECTOR = YES;
				GCC_WARN_UNINITIALIZED_AUTOS = YES_AGGRESSIVE;
				GCC_WARN_UNUSED_FUNCTION = YES;
				GCC_WARN_UNUSED_VARIABLE = YES;
				MACOSX_DEPLOYMENT_TARGET = 10.12;
				MTL_ENABLE_DEBUG_INFO = YES;
				ONLY_ACTIVE_ARCH = YES;
				ORDER_FILE = "";
				OTHER_LDFLAGS = (
					"-std=c++1z",
					"-v",
				);
				OTHER_LIBTOOLFLAGS = (
				);
				SDKROOT = macosx;
			};
			name = Debug;
		};
		9CA09C382096B56F0070600D /* Release */ = {
			isa = XCBuildConfiguration;
			buildSettings = {
				ALWAYS_SEARCH_USER_PATHS = NO;
				CLANG_ANALYZER_NONNULL = YES;
				CLANG_ANALYZER_NUMBER_OBJECT_CONVERSION = YES_AGGRESSIVE;
				CLANG_CXX_LANGUAGE_STANDARD = "gnu++14";
				CLANG_CXX_LIBRARY = "libc++";
				CLANG_ENABLE_MODULES = YES;
				CLANG_ENABLE_OBJC_ARC = YES;
				CLANG_WARN_BLOCK_CAPTURE_AUTORELEASING = YES;
				CLANG_WARN_BOOL_CONVERSION = YES;
				CLANG_WARN_COMMA = YES;
				CLANG_WARN_CONSTANT_CONVERSION = YES;
				CLANG_WARN_DIRECT_OBJC_ISA_USAGE = YES_ERROR;
				CLANG_WARN_DOCUMENTATION_COMMENTS = YES;
				CLANG_WARN_EMPTY_BODY = YES;
				CLANG_WARN_ENUM_CONVERSION = YES;
				CLANG_WARN_INFINITE_RECURSION = YES;
				CLANG_WARN_INT_CONVERSION = YES;
				CLANG_WARN_NON_LITERAL_NULL_CONVERSION = YES;
				CLANG_WARN_OBJC_LITERAL_CONVERSION = YES;
				CLANG_WARN_OBJC_ROOT_CLASS = YES_ERROR;
				CLANG_WARN_RANGE_LOOP_ANALYSIS = YES;
				CLANG_WARN_STRICT_PROTOTYPES = YES;
				CLANG_WARN_SUSPICIOUS_MOVE = YES;
				CLANG_WARN_UNGUARDED_AVAILABILITY = YES_AGGRESSIVE;
				CLANG_WARN_UNREACHABLE_CODE = YES;
				CLANG_WARN__DUPLICATE_METHOD_MATCH = YES;
				CODE_SIGN_IDENTITY = "-";
				COPY_PHASE_STRIP = NO;
				DEBUG_INFORMATION_FORMAT = "dwarf-with-dsym";
				ENABLE_NS_ASSERTIONS = NO;
				ENABLE_STRICT_OBJC_MSGSEND = YES;
				GCC_C_LANGUAGE_STANDARD = gnu11;
				GCC_NO_COMMON_BLOCKS = YES;
				GCC_WARN_64_TO_32_BIT_CONVERSION = YES;
				GCC_WARN_ABOUT_RETURN_TYPE = YES_ERROR;
				GCC_WARN_UNDECLARED_SELECTOR = YES;
				GCC_WARN_UNINITIALIZED_AUTOS = YES_AGGRESSIVE;
				GCC_WARN_UNUSED_FUNCTION = YES;
				GCC_WARN_UNUSED_VARIABLE = YES;
				MACOSX_DEPLOYMENT_TARGET = 10.12;
				MTL_ENABLE_DEBUG_INFO = NO;
				ORDER_FILE = "";
				OTHER_LDFLAGS = (
					"-std=c++1z",
					"-v",
				);
				OTHER_LIBTOOLFLAGS = (
				);
				SDKROOT = macosx;
			};
			name = Release;
		};
		9CA09C3A2096B56F0070600D /* Debug */ = {
			isa = XCBuildConfiguration;
			buildSettings = {
				CODE_SIGN_STYLE = Automatic;
				HEADER_SEARCH_PATHS = /usr/local/include;
				INCLUDED_SOURCE_FILE_NAMES = (
				);
				LIBRARY_SEARCH_PATHS = /usr/local/lib;
				OTHER_LDFLAGS = "";
				PRODUCT_NAME = "$(TARGET_NAME)";
			};
			name = Debug;
		};
		9CA09C3B2096B56F0070600D /* Release */ = {
			isa = XCBuildConfiguration;
			buildSettings = {
				CODE_SIGN_STYLE = Automatic;
				HEADER_SEARCH_PATHS = /usr/local/include;
				INCLUDED_SOURCE_FILE_NAMES = (
				);
				LIBRARY_SEARCH_PATHS = /usr/local/lib;
				OTHER_LDFLAGS = "";
				PRODUCT_NAME = "$(TARGET_NAME)";
			};
			name = Release;
		};
/* End XCBuildConfiguration section */

/* Begin XCConfigurationList section */
		9CA09C2D2096B56F0070600D /* Build configuration list for PBXProject "BaseOpenGL" */ = {
			isa = XCConfigurationList;
			buildConfigurations = (
				9CA09C372096B56F0070600D /* Debug */,
				9CA09C382096B56F0070600D /* Release */,
			);
			defaultConfigurationIsVisible = 0;
			defaultConfigurationName = Release;
		};
		9CA09C392096B56F0070600D /* Build configuration list for PBXNativeTarget "BaseOpenGL" */ = {
			isa = XCConfigurationList;
			buildConfigurations = (
				9CA09C3A2096B56F0070600D /* Debug */,
				9CA09C3B2096B56F0070600D /* Release */,
			);
			defaultConfigurationIsVisible = 0;
			defaultConfigurationName = Release;
		};
/* End XCConfigurationList section */
	};
	rootObject = 9CA09C2A2096B56F0070600D /* Project object */;
}
