// !$*UTF8*$!
{
	archiveVersion = 1;
	classes = {
	};
	objectVersion = 48;
	objects = {

/* Begin PBXBuildFile section */
		5C25B2EE672C8AAB6205BFCC /* SOIL2.c in Sources */ = {isa = PBXBuildFile; fileRef = 5C25B125CBBF220EFF9A90AD /* SOIL2.c */; };
		5C25B5A2422F976EB6F869F5 /* etc1_utils.c in Sources */ = {isa = PBXBuildFile; fileRef = 5C25BEDB73DA10AD71D4298A /* etc1_utils.c */; };
		5C25BB13CADE3A9BA7240D3A /* image_helper.c in Sources */ = {isa = PBXBuildFile; fileRef = 5C25B2270BD2AE061D158F8F /* image_helper.c */; };
		5C25BC5DBEDE43D0082134AC /* image_DXT.c in Sources */ = {isa = PBXBuildFile; fileRef = 5C25BAF6BBC34D01B2E6CBE3 /* image_DXT.c */; };
		9C49264B2098135B0071A076 /* glad.c in Sources */ = {isa = PBXBuildFile; fileRef = 9C4926492098135B0071A076 /* glad.c */; };
		9CA09C362096B56F0070600D /* main.cpp in Sources */ = {isa = PBXBuildFile; fileRef = 9CA09C352096B56F0070600D /* main.cpp */; };
		9CA09C3E2096B59F0070600D /* OpenGL.framework in Frameworks */ = {isa = PBXBuildFile; fileRef = 9CA09C3D2096B59F0070600D /* OpenGL.framework */; };
		9CA09C402096B6740070600D /* libGLEW.2.1.0.dylib in Frameworks */ = {isa = PBXBuildFile; fileRef = 9CA09C3F2096B6740070600D /* libGLEW.2.1.0.dylib */; };
		9CA09C422096B6DB0070600D /* libglfw.3.3.dylib in Frameworks */ = {isa = PBXBuildFile; fileRef = 9CA09C412096B6DB0070600D /* libglfw.3.3.dylib */; };
/* End PBXBuildFile section */

/* Begin PBXCopyFilesBuildPhase section */
		9CA09C302096B56F0070600D /* CopyFiles */ = {
			isa = PBXCopyFilesBuildPhase;
			buildActionMask = 2147483647;
			dstPath = /usr/share/man/man1/;
			dstSubfolderSpec = 0;
			files = (
			);
			runOnlyForDeploymentPostprocessing = 1;
		};
/* End PBXCopyFilesBuildPhase section */

/* Begin PBXFileReference section */
		5C25B0284594925C2891C7B9 /* stbi_ext.h */ = {isa = PBXFileReference; fileEncoding = 4; lastKnownFileType = sourcecode.c.h; path = stbi_ext.h; sourceTree = "<group>"; };
		5C25B103F8AE60BA73D3A1F7 /* pkm_helper.h */ = {isa = PBXFileReference; fileEncoding = 4; lastKnownFileType = sourcecode.c.h; path = pkm_helper.h; sourceTree = "<group>"; };
		5C25B125CBBF220EFF9A90AD /* SOIL2.c */ = {isa = PBXFileReference; fileEncoding = 4; lastKnownFileType = sourcecode.c.c; path = SOIL2.c; sourceTree = "<group>"; };
		5C25B2270BD2AE061D158F8F /* image_helper.c */ = {isa = PBXFileReference; fileEncoding = 4; lastKnownFileType = sourcecode.c.c; path = image_helper.c; sourceTree = "<group>"; };
		5C25B356492411FFE45C0B44 /* image_helper.h */ = {isa = PBXFileReference; fileEncoding = 4; lastKnownFileType = sourcecode.c.h; path = image_helper.h; sourceTree = "<group>"; };
		5C25B4081F3F7348423D6836 /* stbi_DDS_c.h */ = {isa = PBXFileReference; fileEncoding = 4; lastKnownFileType = sourcecode.c.h; path = stbi_DDS_c.h; sourceTree = "<group>"; };
		5C25B4874E63475705EEF97F /* jo_jpeg.h */ = {isa = PBXFileReference; fileEncoding = 4; lastKnownFileType = sourcecode.c.h; path = jo_jpeg.h; sourceTree = "<group>"; };
		5C25B502EF7B3EA9A9D64647 /* stb_image_write.h */ = {isa = PBXFileReference; fileEncoding = 4; lastKnownFileType = sourcecode.c.h; path = stb_image_write.h; sourceTree = "<group>"; };
		5C25B57B775B0DA6CB3474D7 /* stbi_pvr.h */ = {isa = PBXFileReference; fileEncoding = 4; lastKnownFileType = sourcecode.c.h; path = stbi_pvr.h; sourceTree = "<group>"; };
		5C25B5C335858FC94E8A3F97 /* SOIL2.h */ = {isa = PBXFileReference; fileEncoding = 4; lastKnownFileType = sourcecode.c.h; path = SOIL2.h; sourceTree = "<group>"; };
		5C25B6F3AED90677ADE9551C /* image_DXT.h */ = {isa = PBXFileReference; fileEncoding = 4; lastKnownFileType = sourcecode.c.h; path = image_DXT.h; sourceTree = "<group>"; };
		5C25B8092BD509E2CF23FF29 /* stbi_DDS.h */ = {isa = PBXFileReference; fileEncoding = 4; lastKnownFileType = sourcecode.c.h; path = stbi_DDS.h; sourceTree = "<group>"; };
		5C25B9D966661ED109DAD40B /* stbi_pkm_c.h */ = {isa = PBXFileReference; fileEncoding = 4; lastKnownFileType = sourcecode.c.h; path = stbi_pkm_c.h; sourceTree = "<group>"; };
		5C25BA258553F08826431EE5 /* stbi_pvr_c.h */ = {isa = PBXFileReference; fileEncoding = 4; lastKnownFileType = sourcecode.c.h; path = stbi_pvr_c.h; sourceTree = "<group>"; };
		5C25BABD425E18499BFFFA51 /* pvr_helper.h */ = {isa = PBXFileReference; fileEncoding = 4; lastKnownFileType = sourcecode.c.h; path = pvr_helper.h; sourceTree = "<group>"; };
		5C25BAD6F204248A4BBF8518 /* stbi_ext_c.h */ = {isa = PBXFileReference; fileEncoding = 4; lastKnownFileType = sourcecode.c.h; path = stbi_ext_c.h; sourceTree = "<group>"; };
		5C25BAF6BBC34D01B2E6CBE3 /* image_DXT.c */ = {isa = PBXFileReference; fileEncoding = 4; lastKnownFileType = sourcecode.c.c; path = image_DXT.c; sourceTree = "<group>"; };
		5C25BBAD5A1048B680EDF3B2 /* stb_image.h */ = {isa = PBXFileReference; fileEncoding = 4; lastKnownFileType = sourcecode.c.h; path = stb_image.h; sourceTree = "<group>"; };
		5C25BD5CA633BC1E44FEEB46 /* stbi_pkm.h */ = {isa = PBXFileReference; fileEncoding = 4; lastKnownFileType = sourcecode.c.h; path = stbi_pkm.h; sourceTree = "<group>"; };
		5C25BDFF62A9EF65B2F9F6CF /* etc1_utils.h */ = {isa = PBXFileReference; fileEncoding = 4; lastKnownFileType = sourcecode.c.h; path = etc1_utils.h; sourceTree = "<group>"; };
		5C25BEDB73DA10AD71D4298A /* etc1_utils.c */ = {isa = PBXFileReference; fileEncoding = 4; lastKnownFileType = sourcecode.c.c; path = etc1_utils.c; sourceTree = "<group>"; };
		9C30DC7A209B2FE100539B58 /* texture.h */ = {isa = PBXFileReference; lastKnownFileType = sourcecode.c.h; path = texture.h; sourceTree = "<group>"; };
		9C4926482097FDE40071A076 /* hello_triangle.h */ = {isa = PBXFileReference; lastKnownFileType = sourcecode.c.h; path = hello_triangle.h; sourceTree = "<group>"; };
		9C4926492098135B0071A076 /* glad.c */ = {isa = PBXFileReference; lastKnownFileType = sourcecode.c.c; path = glad.c; sourceTree = "<group>"; };
		9C492667209B2E070071A076 /* res */ = {isa = PBXFileReference; lastKnownFileType = folder; path = res; sourceTree = "<group>"; };
		9CA09C322096B56F0070600D /* BaseOpenGL */ = {isa = PBXFileReference; explicitFileType = "compiled.mach-o.executable"; includeInIndex = 0; path = BaseOpenGL; sourceTree = BUILT_PRODUCTS_DIR; };
		9CA09C352096B56F0070600D /* main.cpp */ = {isa = PBXFileReference; lastKnownFileType = sourcecode.cpp.cpp; path = main.cpp; sourceTree = "<group>"; };
		9CA09C3D2096B59F0070600D /* OpenGL.framework */ = {isa = PBXFileReference; lastKnownFileType = wrapper.framework; name = OpenGL.framework; path = System/Library/Frameworks/OpenGL.framework; sourceTree = SDKROOT; };
		9CA09C3F2096B6740070600D /* libGLEW.2.1.0.dylib */ = {isa = PBXFileReference; lastKnownFileType = "compiled.mach-o.dylib"; name = libGLEW.2.1.0.dylib; path = ../../../../usr/local/lib/libGLEW.2.1.0.dylib; sourceTree = "<group>"; };
		9CA09C412096B6DB0070600D /* libglfw.3.3.dylib */ = {isa = PBXFileReference; lastKnownFileType = "compiled.mach-o.dylib"; name = libglfw.3.3.dylib; path = ../../../../usr/local/lib/libglfw.3.3.dylib; sourceTree = "<group>"; };
/* End PBXFileReference section */

/* Begin PBXFrameworksBuildPhase section */
		9CA09C2F2096B56F0070600D /* Frameworks */ = {
			isa = PBXFrameworksBuildPhase;
			buildActionMask = 2147483647;
			files = (
				9CA09C422096B6DB0070600D /* libglfw.3.3.dylib in Frameworks */,
				9CA09C402096B6740070600D /* libGLEW.2.1.0.dylib in Frameworks */,
				9CA09C3E2096B59F0070600D /* OpenGL.framework in Frameworks */,
			);
			runOnlyForDeploymentPostprocessing = 0;
		};
/* End PBXFrameworksBuildPhase section */

/* Begin PBXGroup section */
		5C25BD5B4CC878A665695FAD /* SOIL2 */ = {
			isa = PBXGroup;
			children = (
				5C25BEDB73DA10AD71D4298A /* etc1_utils.c */,
				5C25BDFF62A9EF65B2F9F6CF /* etc1_utils.h */,
				5C25BAF6BBC34D01B2E6CBE3 /* image_DXT.c */,
				5C25B6F3AED90677ADE9551C /* image_DXT.h */,
				5C25B2270BD2AE061D158F8F /* image_helper.c */,
				5C25B356492411FFE45C0B44 /* image_helper.h */,
				5C25B4874E63475705EEF97F /* jo_jpeg.h */,
				5C25B103F8AE60BA73D3A1F7 /* pkm_helper.h */,
				5C25BABD425E18499BFFFA51 /* pvr_helper.h */,
				5C25B125CBBF220EFF9A90AD /* SOIL2.c */,
				5C25B5C335858FC94E8A3F97 /* SOIL2.h */,
				5C25B502EF7B3EA9A9D64647 /* stb_image_write.h */,
				5C25BBAD5A1048B680EDF3B2 /* stb_image.h */,
				5C25B4081F3F7348423D6836 /* stbi_DDS_c.h */,
				5C25B8092BD509E2CF23FF29 /* stbi_DDS.h */,
				5C25BAD6F204248A4BBF8518 /* stbi_ext_c.h */,
				5C25B0284594925C2891C7B9 /* stbi_ext.h */,
				5C25B9D966661ED109DAD40B /* stbi_pkm_c.h */,
				5C25BD5CA633BC1E44FEEB46 /* stbi_pkm.h */,
				5C25BA258553F08826431EE5 /* stbi_pvr_c.h */,
				5C25B57B775B0DA6CB3474D7 /* stbi_pvr.h */,
			);
			path = SOIL2;
			sourceTree = "<group>";
		};
		9CA09C292096B56F0070600D = {
			isa = PBXGroup;
			children = (
				9CA09C342096B56F0070600D /* BaseOpenGL */,
				9CA09C332096B56F0070600D /* Products */,
				9CA09C3C2096B59F0070600D /* Frameworks */,
			);
			sourceTree = "<group>";
		};
		9CA09C332096B56F0070600D /* Products */ = {
			isa = PBXGroup;
			children = (
				9CA09C322096B56F0070600D /* BaseOpenGL */,
			);
			name = Products;
			sourceTree = "<group>";
		};
		9CA09C342096B56F0070600D /* BaseOpenGL */ = {
			isa = PBXGroup;
			children = (
				9C492667209B2E070071A076 /* res */,
				9CA09C352096B56F0070600D /* main.cpp */,
				9C4926482097FDE40071A076 /* hello_triangle.h */,
				9C4926492098135B0071A076 /* glad.c */,
				9C30DC7A209B2FE100539B58 /* texture.h */,
				5C25BD5B4CC878A665695FAD /* SOIL2 */,
			);
			path = BaseOpenGL;
			sourceTree = "<group>";
		};
		9CA09C3C2096B59F0070600D /* Frameworks */ = {
			isa = PBXGroup;
			children = (
				9CA09C412096B6DB0070600D /* libglfw.3.3.dylib */,
				9CA09C3F2096B6740070600D /* libGLEW.2.1.0.dylib */,
				9CA09C3D2096B59F0070600D /* OpenGL.framework */,
			);
			name = Frameworks;
			sourceTree = "<group>";
		};
/* End PBXGroup section */

/* Begin PBXNativeTarget section */
		9CA09C312096B56F0070600D /* BaseOpenGL */ = {
			isa = PBXNativeTarget;
			buildConfigurationList = 9CA09C392096B56F0070600D /* Build configuration list for PBXNativeTarget "BaseOpenGL" */;
			buildPhases = (
				9CA09C2E2096B56F0070600D /* Sources */,
				9CA09C2F2096B56F0070600D /* Frameworks */,
				9CA09C302096B56F0070600D /* CopyFiles */,
			);
			buildRules = (
			);
			dependencies = (
			);
			name = BaseOpenGL;
			productName = BaseOpenGL;
			productReference = 9CA09C322096B56F0070600D /* BaseOpenGL */;
			productType = "com.apple.product-type.tool";
		};
/* End PBXNativeTarget section */

/* Begin PBXProject section */
		9CA09C2A2096B56F0070600D /* Project object */ = {
			isa = PBXProject;
			attributes = {
				CLASSPREFIX = "";
				LastUpgradeCheck = 0920;
				ORGANIZATIONNAME = emery;
				TargetAttributes = {
					9CA09C312096B56F0070600D = {
						CreatedOnToolsVersion = 9.2;
						ProvisioningStyle = Automatic;
					};
				};
			};
			buildConfigurationList = 9CA09C2D2096B56F0070600D /* Build configuration list for PBXProject "BaseOpenGL" */;
			compatibilityVersion = "Xcode 8.0";
			developmentRegion = en;
			hasScannedForEncodings = 0;
			knownRegions = (
				en,
			);
			mainGroup = 9CA09C292096B56F0070600D;
			productRefGroup = 9CA09C332096B56F0070600D /* Products */;
			projectDirPath = "";
			projectRoot = "";
			targets = (
				9CA09C312096B56F0070600D /* BaseOpenGL */,
			);
		};
/* End PBXProject section */

/* Begin PBXSourcesBuildPhase section */
		9CA09C2E2096B56F0070600D /* Sources */ = {
			isa = PBXSourcesBuildPhase;
			buildActionMask = 2147483647;
			files = (
				9CA09C362096B56F0070600D /* main.cpp in Sources */,
				9C49264B2098135B0071A076 /* glad.c in Sources */,
				5C25B5A2422F976EB6F869F5 /* etc1_utils.c in Sources */,
				5C25BC5DBEDE43D0082134AC /* image_DXT.c in Sources */,
				5C25BB13CADE3A9BA7240D3A /* image_helper.c in Sources */,
				5C25B2EE672C8AAB6205BFCC /* SOIL2.c in Sources */,
			);
			runOnlyForDeploymentPostprocessing = 0;
		};
/* End PBXSourcesBuildPhase section */

/* Begin XCBuildConfiguration section */
		9CA09C372096B56F0070600D /* Debug */ = {
			isa = XCBuildConfiguration;
			buildSettings = {
				ALWAYS_SEARCH_USER_PATHS = NO;
				CLANG_ANALYZER_NONNULL = YES;
				CLANG_ANALYZER_NUMBER_OBJECT_CONVERSION = YES_AGGRESSIVE;
				CLANG_CXX_LANGUAGE_STANDARD = "gnu++14";
				CLANG_CXX_LIBRARY = "libc++";
				CLANG_ENABLE_MODULES = YES;
				CLANG_ENABLE_OBJC_ARC = YES;
				CLANG_WARN_BLOCK_CAPTURE_AUTORELEASING = YES;
				CLANG_WARN_BOOL_CONVERSION = YES;
				CLANG_WARN_COMMA = YES;
				CLANG_WARN_CONSTANT_CONVERSION = YES;
				CLANG_WARN_DIRECT_OBJC_ISA_USAGE = YES_ERROR;
				CLANG_WARN_DOCUMENTATION_COMMENTS = YES;
				CLANG_WARN_EMPTY_BODY = YES;
				CLANG_WARN_ENUM_CONVERSION = YES;
				CLANG_WARN_INFINITE_RECURSION = YES;
				CLANG_WARN_INT_CONVERSION = YES;
				CLANG_WARN_NON_LITERAL_NULL_CONVERSION = YES;
				CLANG_WARN_OBJC_LITERAL_CONVERSION = YES;
				CLANG_WARN_OBJC_ROOT_CLASS = YES_ERROR;
				CLANG_WARN_RANGE_LOOP_ANALYSIS = YES;
				CLANG_WARN_STRICT_PROTOTYPES = YES;
				CLANG_WARN_SUSPICIOUS_MOVE = YES;
				CLANG_WARN_UNGUARDED_AVAILABILITY = YES_AGGRESSIVE;
				CLANG_WARN_UNREACHABLE_CODE = YES;
				CLANG_WARN__DUPLICATE_METHOD_MATCH = YES;
				CODE_SIGN_IDENTITY = "-";
				COPY_PHASE_STRIP = NO;
				DEBUG_INFORMATION_FORMAT = dwarf;
				ENABLE_STRICT_OBJC_MSGSEND = YES;
				ENABLE_TESTABILITY = YES;
				GCC_C_LANGUAGE_STANDARD = gnu11;
				GCC_DYNAMIC_NO_PIC = NO;
				GCC_NO_COMMON_BLOCKS = YES;
				GCC_OPTIMIZATION_LEVEL = 0;
				GCC_PREPROCESSOR_DEFINITIONS = (
					"DEBUG=1",
					"$(inherited)",
				);
				GCC_WARN_64_TO_32_BIT_CONVERSION = YES;
				GCC_WARN_ABOUT_RETURN_TYPE = YES_ERROR;
				GCC_WARN_UNDECLARED_SELECTOR = YES;
				GCC_WARN_UNINITIALIZED_AUTOS = YES_AGGRESSIVE;
				GCC_WARN_UNUSED_FUNCTION = YES;
				GCC_WARN_UNUSED_VARIABLE = YES;
				MACOSX_DEPLOYMENT_TARGET = 10.12;
				MTL_ENABLE_DEBUG_INFO = YES;
				ONLY_ACTIVE_ARCH = YES;
				ORDER_FILE = "";
				OTHER_LDFLAGS = (
				);
				OTHER_LIBTOOLFLAGS = (
				);
				SDKROOT = macosx;
			};
			name = Debug;
		};
		9CA09C382096B56F0070600D /* Release */ = {
			isa = XCBuildConfiguration;
			buildSettings = {
				ALWAYS_SEARCH_USER_PATHS = NO;
				CLANG_ANALYZER_NONNULL = YES;
				CLANG_ANALYZER_NUMBER_OBJECT_CONVERSION = YES_AGGRESSIVE;
				CLANG_CXX_LANGUAGE_STANDARD = "gnu++14";
				CLANG_CXX_LIBRARY = "libc++";
				CLANG_ENABLE_MODULES = YES;
				CLANG_ENABLE_OBJC_ARC = YES;
				CLANG_WARN_BLOCK_CAPTURE_AUTORELEASING = YES;
				CLANG_WARN_BOOL_CONVERSION = YES;
				CLANG_WARN_COMMA = YES;
				CLANG_WARN_CONSTANT_CONVERSION = YES;
				CLANG_WARN_DIRECT_OBJC_ISA_USAGE = YES_ERROR;
				CLANG_WARN_DOCUMENTATION_COMMENTS = YES;
				CLANG_WARN_EMPTY_BODY = YES;
				CLANG_WARN_ENUM_CONVERSION = YES;
				CLANG_WARN_INFINITE_RECURSION = YES;
				CLANG_WARN_INT_CONVERSION = YES;
				CLANG_WARN_NON_LITERAL_NULL_CONVERSION = YES;
				CLANG_WARN_OBJC_LITERAL_CONVERSION = YES;
				CLANG_WARN_OBJC_ROOT_CLASS = YES_ERROR;
				CLANG_WARN_RANGE_LOOP_ANALYSIS = YES;
				CLANG_WARN_STRICT_PROTOTYPES = YES;
				CLANG_WARN_SUSPICIOUS_MOVE = YES;
				CLANG_WARN_UNGUARDED_AVAILABILITY = YES_AGGRESSIVE;
				CLANG_WARN_UNREACHABLE_CODE = YES;
				CLANG_WARN__DUPLICATE_METHOD_MATCH = YES;
				CODE_SIGN_IDENTITY = "-";
				COPY_PHASE_STRIP = NO;
				DEBUG_INFORMATION_FORMAT = "dwarf-with-dsym";
				ENABLE_NS_ASSERTIONS = NO;
				ENABLE_STRICT_OBJC_MSGSEND = YES;
				GCC_C_LANGUAGE_STANDARD = gnu11;
				GCC_NO_COMMON_BLOCKS = YES;
				GCC_WARN_64_TO_32_BIT_CONVERSION = YES;
				GCC_WARN_ABOUT_RETURN_TYPE = YES_ERROR;
				GCC_WARN_UNDECLARED_SELECTOR = YES;
				GCC_WARN_UNINITIALIZED_AUTOS = YES_AGGRESSIVE;
				GCC_WARN_UNUSED_FUNCTION = YES;
				GCC_WARN_UNUSED_VARIABLE = YES;
				MACOSX_DEPLOYMENT_TARGET = 10.12;
				MTL_ENABLE_DEBUG_INFO = NO;
				ORDER_FILE = "";
				OTHER_LDFLAGS = (
				);
				OTHER_LIBTOOLFLAGS = (
				);
				SDKROOT = macosx;
			};
			name = Release;
		};
		9CA09C3A2096B56F0070600D /* Debug */ = {
			isa = XCBuildConfiguration;
			buildSettings = {
				CODE_SIGN_STYLE = Automatic;
				HEADER_SEARCH_PATHS = /usr/local/include;
				INCLUDED_SOURCE_FILE_NAMES = (
				);
				LIBRARY_SEARCH_PATHS = /usr/local/lib;
				OTHER_LDFLAGS = "";
				PRODUCT_NAME = "$(TARGET_NAME)";
			};
			name = Debug;
		};
		9CA09C3B2096B56F0070600D /* Release */ = {
			isa = XCBuildConfiguration;
			buildSettings = {
				CODE_SIGN_STYLE = Automatic;
				HEADER_SEARCH_PATHS = /usr/local/include;
				INCLUDED_SOURCE_FILE_NAMES = (
				);
				LIBRARY_SEARCH_PATHS = /usr/local/lib;
				OTHER_LDFLAGS = "";
				PRODUCT_NAME = "$(TARGET_NAME)";
			};
			name = Release;
		};
/* End XCBuildConfiguration section */

/* Begin XCConfigurationList section */
		9CA09C2D2096B56F0070600D /* Build configuration list for PBXProject "BaseOpenGL" */ = {
			isa = XCConfigurationList;
			buildConfigurations = (
				9CA09C372096B56F0070600D /* Debug */,
				9CA09C382096B56F0070600D /* Release */,
			);
			defaultConfigurationIsVisible = 0;
			defaultConfigurationName = Release;
		};
		9CA09C392096B56F0070600D /* Build configuration list for PBXNativeTarget "BaseOpenGL" */ = {
			isa = XCConfigurationList;
			buildConfigurations = (
				9CA09C3A2096B56F0070600D /* Debug */,
				9CA09C3B2096B56F0070600D /* Release */,
			);
			defaultConfigurationIsVisible = 0;
			defaultConfigurationName = Release;
		};
/* End XCConfigurationList section */
	};
	rootObject = 9CA09C2A2096B56F0070600D /* Project object */;
}
